
Microsoft Visual Studio Solution File, Format Version 12.00
# Visual Studio 14
VisualStudioVersion = 14.0.25420.1
MinimumVisualStudioVersion = 10.0.40219.1
Project("{2150E333-8FDC-42A3-9474-1A3956D46DE8}") = "src", "src", "{00D504B1-7F48-44EA-B009-D10B4B97711B}"
EndProject
Project("{2150E333-8FDC-42A3-9474-1A3956D46DE8}") = "Solution Items", "Solution Items", "{D51EA9F3-CFB2-4C78-8024-D19EC95ACD67}"
	ProjectSection(SolutionItems) = preProject
		global.json = global.json
	EndProjectSection
EndProject
Project("{8BB2217D-0F2D-49D1-97BC-3654ED321F3B}") = "NetCoreTFCms", "src\NetCoreTFCms\NetCoreTFCms.xproj", "{60FA8605-CB20-4E81-B332-ED235E5B51D7}"
EndProject
Global
	GlobalSection(SolutionConfigurationPlatforms) = preSolution
		Debug|Any CPU = Debug|Any CPU
		Release|Any CPU = Release|Any CPU
	EndGlobalSection
	GlobalSection(ProjectConfigurationPlatforms) = postSolution
		{60FA8605-CB20-4E81-B332-ED235E5B51D7}.Debug|Any CPU.ActiveCfg = Debug|Any CPU
		{60FA8605-CB20-4E81-B332-ED235E5B51D7}.Debug|Any CPU.Build.0 = Debug|Any CPU
		{60FA8605-CB20-4E81-B332-ED235E5B51D7}.Release|Any CPU.ActiveCfg = Release|Any CPU
		{60FA8605-CB20-4E81-B332-ED235E5B51D7}.Release|Any CPU.Build.0 = Release|Any CPU
	EndGlobalSection
	GlobalSection(SolutionProperties) = preSolution
		HideSolutionNode = FALSE
	EndGlobalSection
	GlobalSection(NestedProjects) = preSolution
		{60FA8605-CB20-4E81-B332-ED235E5B51D7} = {00D504B1-7F48-44EA-B009-D10B4B97711B}
	EndGlobalSection
EndGlobal
